
Microsoft Visual Studio Solution File, Format Version 10.00
# Visual Studio 2008
Project("{FAE04EC0-301F-11D3-BF4B-00C04F79EFBC}") = "GrabbaRide.Frontend", "GrabbaRide.Frontend\GrabbaRide.Frontend.csproj", "{5F4F65E5-001E-46A6-90E5-611CE1A75016}"
EndProject
Project("{FAE04EC0-301F-11D3-BF4B-00C04F79EFBC}") = "GrabbaRide.Database", "GrabbaRide.Database\GrabbaRide.Database.csproj", "{2C76E154-F418-4376-9101-BC61434623E7}"
EndProject
Project("{FAE04EC0-301F-11D3-BF4B-00C04F79EFBC}") = "GrabbaRide.UnitTests", "GrabbaRide.UnitTests\GrabbaRide.UnitTests.csproj", "{7C0CAE04-9E04-4C27-9320-0C7399C4A191}"
EndProject
Project("{2150E333-8FDC-42A3-9474-1A3956D46DE8}") = "Solution Items", "Solution Items", "{CFA4447C-017A-4DDF-8FEF-50F764881E45}"
	ProjectSection(SolutionItems) = preProject
		LocalTestRun.testrunconfig = LocalTestRun.testrunconfig
	EndProjectSection
EndProject
Project("{FAE04EC0-301F-11D3-BF4B-00C04F79EFBC}") = "GrabbaRide.UserManagement", "GrabbaRide.UserManagement\GrabbaRide.UserManagement.csproj", "{E76DCFAC-D89A-4402-A1DB-0D921358C351}"
EndProject
Project("{FAE04EC0-301F-11D3-BF4B-00C04F79EFBC}") = "GrabbaRide.DatabaseManager", "GrabbaRide.DatabaseManager\GrabbaRide.DatabaseManager.csproj", "{FCA1192D-7AFD-436A-93EF-0869178F56B1}"
EndProject
Project("{54435603-DBB4-11D2-8724-00A0C9A8B90C}") = "GrabbaRideSetup", "GrabbaRideSetup\GrabbaRideSetup.vdproj", "{65363AE4-DA5B-4701-9316-2F0AE9CEE359}"
EndProject
Global
	GlobalSection(SolutionConfigurationPlatforms) = preSolution
		Debug|Any CPU = Debug|Any CPU
		Release|Any CPU = Release|Any CPU
	EndGlobalSection
	GlobalSection(ProjectConfigurationPlatforms) = postSolution
		{5F4F65E5-001E-46A6-90E5-611CE1A75016}.Debug|Any CPU.ActiveCfg = Debug|Any CPU
		{5F4F65E5-001E-46A6-90E5-611CE1A75016}.Debug|Any CPU.Build.0 = Debug|Any CPU
		{5F4F65E5-001E-46A6-90E5-611CE1A75016}.Release|Any CPU.ActiveCfg = Release|Any CPU
		{5F4F65E5-001E-46A6-90E5-611CE1A75016}.Release|Any CPU.Build.0 = Release|Any CPU
		{2C76E154-F418-4376-9101-BC61434623E7}.Debug|Any CPU.ActiveCfg = Debug|Any CPU
		{2C76E154-F418-4376-9101-BC61434623E7}.Debug|Any CPU.Build.0 = Debug|Any CPU
		{2C76E154-F418-4376-9101-BC61434623E7}.Release|Any CPU.ActiveCfg = Release|Any CPU
		{2C76E154-F418-4376-9101-BC61434623E7}.Release|Any CPU.Build.0 = Release|Any CPU
		{7C0CAE04-9E04-4C27-9320-0C7399C4A191}.Debug|Any CPU.ActiveCfg = Debug|Any CPU
		{7C0CAE04-9E04-4C27-9320-0C7399C4A191}.Debug|Any CPU.Build.0 = Debug|Any CPU
		{7C0CAE04-9E04-4C27-9320-0C7399C4A191}.Release|Any CPU.ActiveCfg = Release|Any CPU
		{7C0CAE04-9E04-4C27-9320-0C7399C4A191}.Release|Any CPU.Build.0 = Release|Any CPU
		{E76DCFAC-D89A-4402-A1DB-0D921358C351}.Debug|Any CPU.ActiveCfg = Debug|Any CPU
		{E76DCFAC-D89A-4402-A1DB-0D921358C351}.Debug|Any CPU.Build.0 = Debug|Any CPU
		{E76DCFAC-D89A-4402-A1DB-0D921358C351}.Release|Any CPU.ActiveCfg = Release|Any CPU
		{E76DCFAC-D89A-4402-A1DB-0D921358C351}.Release|Any CPU.Build.0 = Release|Any CPU
		{FCA1192D-7AFD-436A-93EF-0869178F56B1}.Debug|Any CPU.ActiveCfg = Debug|Any CPU
		{FCA1192D-7AFD-436A-93EF-0869178F56B1}.Debug|Any CPU.Build.0 = Debug|Any CPU
		{FCA1192D-7AFD-436A-93EF-0869178F56B1}.Release|Any CPU.ActiveCfg = Release|Any CPU
		{FCA1192D-7AFD-436A-93EF-0869178F56B1}.Release|Any CPU.Build.0 = Release|Any CPU
		{65363AE4-DA5B-4701-9316-2F0AE9CEE359}.Debug|Any CPU.ActiveCfg = Debug
		{65363AE4-DA5B-4701-9316-2F0AE9CEE359}.Release|Any CPU.ActiveCfg = Release
	EndGlobalSection
	GlobalSection(SolutionProperties) = preSolution
		HideSolutionNode = FALSE
	EndGlobalSection
EndGlobal
